
Microsoft Visual Studio Solution File, Format Version 12.00
Project("{FAE04EC0-301F-11D3-BF4B-00C04F79EFBC}") = "ArraysProject", "ArraysProject\ArraysProject.csproj", "{AE188D8D-5903-44CA-85CE-611FE75F22F2}"
EndProject
Project("{FAE04EC0-301F-11D3-BF4B-00C04F79EFBC}") = "Max2x2App", "Max2x2App\Max2x2App.csproj", "{276A9A9C-7577-4AF5-A427-FDCB78D89FCC}"
EndProject
Project("{FAE04EC0-301F-11D3-BF4B-00C04F79EFBC}") = "ArraysTwoDim", "ArraysTwoDim\ArraysTwoDim.csproj", "{2464E9AE-5CDC-44B2-B5F8-CDFE19CAFF5E}"
EndProject
Project("{FAE04EC0-301F-11D3-BF4B-00C04F79EFBC}") = "ArrayDemo", "ArrayDemo\ArrayDemo.csproj", "{4D3350BB-81C7-4B1C-8A78-1805B14F08AD}"
EndProject
Project("{FAE04EC0-301F-11D3-BF4B-00C04F79EFBC}") = "ArrayInitReadDemo", "ArrayInitReadDemo\ArrayInitReadDemo.csproj", "{178A247F-CBA8-4449-AF6A-5C0E8277EA0E}"
EndProject
Project("{FAE04EC0-301F-11D3-BF4B-00C04F79EFBC}") = "SumElementsArray", "SumElementsArray\SumElementsArray.csproj", "{3F596E9F-0B68-4DD6-BFC4-3919DF900641}"
EndProject
Project("{FAE04EC0-301F-11D3-BF4B-00C04F79EFBC}") = "ArrayMaxMinPosition", "ArrayMaxMinPosition\ArrayMaxMinPosition.csproj", "{3E4AAD38-B1B8-40BD-8A5C-E3E71893575D}"
EndProject
Global
	GlobalSection(SolutionConfigurationPlatforms) = preSolution
		Debug|Any CPU = Debug|Any CPU
		Release|Any CPU = Release|Any CPU
	EndGlobalSection
	GlobalSection(ProjectConfigurationPlatforms) = postSolution
		{AE188D8D-5903-44CA-85CE-611FE75F22F2}.Debug|Any CPU.ActiveCfg = Debug|Any CPU
		{AE188D8D-5903-44CA-85CE-611FE75F22F2}.Debug|Any CPU.Build.0 = Debug|Any CPU
		{AE188D8D-5903-44CA-85CE-611FE75F22F2}.Release|Any CPU.ActiveCfg = Release|Any CPU
		{AE188D8D-5903-44CA-85CE-611FE75F22F2}.Release|Any CPU.Build.0 = Release|Any CPU
		{276A9A9C-7577-4AF5-A427-FDCB78D89FCC}.Debug|Any CPU.ActiveCfg = Debug|Any CPU
		{276A9A9C-7577-4AF5-A427-FDCB78D89FCC}.Debug|Any CPU.Build.0 = Debug|Any CPU
		{276A9A9C-7577-4AF5-A427-FDCB78D89FCC}.Release|Any CPU.ActiveCfg = Release|Any CPU
		{276A9A9C-7577-4AF5-A427-FDCB78D89FCC}.Release|Any CPU.Build.0 = Release|Any CPU
		{2464E9AE-5CDC-44B2-B5F8-CDFE19CAFF5E}.Debug|Any CPU.ActiveCfg = Debug|Any CPU
		{2464E9AE-5CDC-44B2-B5F8-CDFE19CAFF5E}.Debug|Any CPU.Build.0 = Debug|Any CPU
		{2464E9AE-5CDC-44B2-B5F8-CDFE19CAFF5E}.Release|Any CPU.ActiveCfg = Release|Any CPU
		{2464E9AE-5CDC-44B2-B5F8-CDFE19CAFF5E}.Release|Any CPU.Build.0 = Release|Any CPU
		{4D3350BB-81C7-4B1C-8A78-1805B14F08AD}.Debug|Any CPU.ActiveCfg = Debug|Any CPU
		{4D3350BB-81C7-4B1C-8A78-1805B14F08AD}.Debug|Any CPU.Build.0 = Debug|Any CPU
		{4D3350BB-81C7-4B1C-8A78-1805B14F08AD}.Release|Any CPU.ActiveCfg = Release|Any CPU
		{4D3350BB-81C7-4B1C-8A78-1805B14F08AD}.Release|Any CPU.Build.0 = Release|Any CPU
		{178A247F-CBA8-4449-AF6A-5C0E8277EA0E}.Debug|Any CPU.ActiveCfg = Debug|Any CPU
		{178A247F-CBA8-4449-AF6A-5C0E8277EA0E}.Debug|Any CPU.Build.0 = Debug|Any CPU
		{178A247F-CBA8-4449-AF6A-5C0E8277EA0E}.Release|Any CPU.ActiveCfg = Release|Any CPU
		{178A247F-CBA8-4449-AF6A-5C0E8277EA0E}.Release|Any CPU.Build.0 = Release|Any CPU
		{3F596E9F-0B68-4DD6-BFC4-3919DF900641}.Debug|Any CPU.ActiveCfg = Debug|Any CPU
		{3F596E9F-0B68-4DD6-BFC4-3919DF900641}.Debug|Any CPU.Build.0 = Debug|Any CPU
		{3F596E9F-0B68-4DD6-BFC4-3919DF900641}.Release|Any CPU.ActiveCfg = Release|Any CPU
		{3F596E9F-0B68-4DD6-BFC4-3919DF900641}.Release|Any CPU.Build.0 = Release|Any CPU
		{3E4AAD38-B1B8-40BD-8A5C-E3E71893575D}.Debug|Any CPU.ActiveCfg = Debug|Any CPU
		{3E4AAD38-B1B8-40BD-8A5C-E3E71893575D}.Debug|Any CPU.Build.0 = Debug|Any CPU
		{3E4AAD38-B1B8-40BD-8A5C-E3E71893575D}.Release|Any CPU.ActiveCfg = Release|Any CPU
		{3E4AAD38-B1B8-40BD-8A5C-E3E71893575D}.Release|Any CPU.Build.0 = Release|Any CPU
	EndGlobalSection
EndGlobal
